
Microsoft Visual Studio Solution File, Format Version 12.00
# Visual Studio Version 16
VisualStudioVersion = 16.0.30621.155
MinimumVisualStudioVersion = 10.0.40219.1
Project("{FAE04EC0-301F-11D3-BF4B-00C04F79EFBC}") = "Vjezba1_wlozan00", "Vjezba1_wlozan00\Vjezba1_wlozan00.csproj", "{EA6916D2-2A6A-43A8-ACD5-71E876563BE0}"
EndProject
Global
	GlobalSection(SolutionConfigurationPlatforms) = preSolution
		Debug|Any CPU = Debug|Any CPU
		Release|Any CPU = Release|Any CPU
	EndGlobalSection
	GlobalSection(ProjectConfigurationPlatforms) = postSolution
		{EA6916D2-2A6A-43A8-ACD5-71E876563BE0}.Debug|Any CPU.ActiveCfg = Debug|Any CPU
		{EA6916D2-2A6A-43A8-ACD5-71E876563BE0}.Debug|Any CPU.Build.0 = Debug|Any CPU
		{EA6916D2-2A6A-43A8-ACD5-71E876563BE0}.Release|Any CPU.ActiveCfg = Release|Any CPU
		{EA6916D2-2A6A-43A8-ACD5-71E876563BE0}.Release|Any CPU.Build.0 = Release|Any CPU
	EndGlobalSection
	GlobalSection(SolutionProperties) = preSolution
		HideSolutionNode = FALSE
	EndGlobalSection
	GlobalSection(ExtensibilityGlobals) = postSolution
		SolutionGuid = {47AF5572-E4D5-4256-9B2D-6D204EF99754}
	EndGlobalSection
EndGlobal
